
Microsoft Visual Studio Solution File, Format Version 12.00
# Visual Studio Version 17
VisualStudioVersion = 17.2.32616.157
MinimumVisualStudioVersion = 10.0.40219.1
Project("{FAE04EC0-301F-11D3-BF4B-00C04F79EFBC}") = "Aula01", "Aula01\Aula01.csproj", "{501C0038-BE79-480B-B2E2-7369B039CCC7}"
EndProject
Global
	GlobalSection(SolutionConfigurationPlatforms) = preSolution
		Debug|Any CPU = Debug|Any CPU
		Release|Any CPU = Release|Any CPU
	EndGlobalSection
	GlobalSection(ProjectConfigurationPlatforms) = postSolution
		{501C0038-BE79-480B-B2E2-7369B039CCC7}.Debug|Any CPU.ActiveCfg = Debug|Any CPU
		{501C0038-BE79-480B-B2E2-7369B039CCC7}.Debug|Any CPU.Build.0 = Debug|Any CPU
		{501C0038-BE79-480B-B2E2-7369B039CCC7}.Release|Any CPU.ActiveCfg = Release|Any CPU
		{501C0038-BE79-480B-B2E2-7369B039CCC7}.Release|Any CPU.Build.0 = Release|Any CPU
	EndGlobalSection
	GlobalSection(SolutionProperties) = preSolution
		HideSolutionNode = FALSE
	EndGlobalSection
	GlobalSection(ExtensibilityGlobals) = postSolution
		SolutionGuid = {B9F3F050-3A87-4DB5-BF44-AA94664CFD44}
	EndGlobalSection
EndGlobal
